
Microsoft Visual Studio Solution File, Format Version 12.00
# Visual Studio Version 17
VisualStudioVersion = 17.11.35303.130
MinimumVisualStudioVersion = 10.0.40219.1
Project("{2150E333-8FDC-42A3-9474-1A3956D46DE8}") = "Task0", "Task0", "{2BC34563-46A9-4783-8980-38F282951E20}"
EndProject
Project("{9A19103F-16F7-4668-BE54-9A1E7A4F7556}") = "Tyuiu.AbramushkinAN.Sprint4.Task0.V7", "Tyuiu.AbramushkinAN.Sprint4.Task0.V7\Tyuiu.AbramushkinAN.Sprint4.Task0.V7.csproj", "{74D77905-D139-45F5-BA26-7CE540CEBBCA}"
EndProject
Project("{9A19103F-16F7-4668-BE54-9A1E7A4F7556}") = "Tyuiu.AbramushkinAN.Sprint4.Task0.V7.Test", "Tyuiu.AbramushkinAN.Sprint4.Task0.V7.Test\Tyuiu.AbramushkinAN.Sprint4.Task0.V7.Test.csproj", "{C7EF5C9C-0CAF-410D-B5B9-A39AB3231D69}"
EndProject
Project("{9A19103F-16F7-4668-BE54-9A1E7A4F7556}") = "Tyuiu.AbramushkinAN.Sprint4.Task0.V7.Lib", "Tyuiu.AbramushkinAN.Sprint4.Task0.V7.Lib\Tyuiu.AbramushkinAN.Sprint4.Task0.V7.Lib.csproj", "{D081EE8D-9C85-45A1-B840-8F02A4C8CAC4}"
EndProject
Project("{2150E333-8FDC-42A3-9474-1A3956D46DE8}") = "Task1", "Task1", "{EBBA163F-68AD-42DE-B43C-ED48D80CC196}"
EndProject
Project("{FAE04EC0-301F-11D3-BF4B-00C04F79EFBC}") = "Tyuiu.AbramushkinAN.Sprint4.Task1.V6", "Tyuiu.AbramushkinAN.Sprint4.Task1.V6\Tyuiu.AbramushkinAN.Sprint4.Task1.V6.csproj", "{1C73532A-D7A5-4E99-AAEF-14F8EC5B6957}"
EndProject
Project("{FAE04EC0-301F-11D3-BF4B-00C04F79EFBC}") = "Tyuiu.AbramushkinAN.Sprint4.Task1.V6.Lib", "Tyuiu.AbramushkinAN.Sprint4.Task1.V6.Lib\Tyuiu.AbramushkinAN.Sprint4.Task1.V6.Lib.csproj", "{CC03F5AA-6978-407D-B961-2DF967594DFC}"
EndProject
Project("{FAE04EC0-301F-11D3-BF4B-00C04F79EFBC}") = "Tyuiu.AbramushkinAN.Sprint4.Task1.V6.Test", "Tyuiu.AbramushkinAN.Sprint4.Task1.V6.Test\Tyuiu.AbramushkinAN.Sprint4.Task1.V6.Test.csproj", "{2B7D96B7-5E15-4BB5-9FFB-C93D107CE76A}"
EndProject
Global
	GlobalSection(SolutionConfigurationPlatforms) = preSolution
		Debug|Any CPU = Debug|Any CPU
		Release|Any CPU = Release|Any CPU
	EndGlobalSection
	GlobalSection(ProjectConfigurationPlatforms) = postSolution
		{74D77905-D139-45F5-BA26-7CE540CEBBCA}.Debug|Any CPU.ActiveCfg = Debug|Any CPU
		{74D77905-D139-45F5-BA26-7CE540CEBBCA}.Debug|Any CPU.Build.0 = Debug|Any CPU
		{74D77905-D139-45F5-BA26-7CE540CEBBCA}.Release|Any CPU.ActiveCfg = Release|Any CPU
		{74D77905-D139-45F5-BA26-7CE540CEBBCA}.Release|Any CPU.Build.0 = Release|Any CPU
		{C7EF5C9C-0CAF-410D-B5B9-A39AB3231D69}.Debug|Any CPU.ActiveCfg = Debug|Any CPU
		{C7EF5C9C-0CAF-410D-B5B9-A39AB3231D69}.Debug|Any CPU.Build.0 = Debug|Any CPU
		{C7EF5C9C-0CAF-410D-B5B9-A39AB3231D69}.Release|Any CPU.ActiveCfg = Release|Any CPU
		{C7EF5C9C-0CAF-410D-B5B9-A39AB3231D69}.Release|Any CPU.Build.0 = Release|Any CPU
		{D081EE8D-9C85-45A1-B840-8F02A4C8CAC4}.Debug|Any CPU.ActiveCfg = Debug|Any CPU
		{D081EE8D-9C85-45A1-B840-8F02A4C8CAC4}.Debug|Any CPU.Build.0 = Debug|Any CPU
		{D081EE8D-9C85-45A1-B840-8F02A4C8CAC4}.Release|Any CPU.ActiveCfg = Release|Any CPU
		{D081EE8D-9C85-45A1-B840-8F02A4C8CAC4}.Release|Any CPU.Build.0 = Release|Any CPU
		{1C73532A-D7A5-4E99-AAEF-14F8EC5B6957}.Debug|Any CPU.ActiveCfg = Debug|Any CPU
		{1C73532A-D7A5-4E99-AAEF-14F8EC5B6957}.Debug|Any CPU.Build.0 = Debug|Any CPU
		{1C73532A-D7A5-4E99-AAEF-14F8EC5B6957}.Release|Any CPU.ActiveCfg = Release|Any CPU
		{1C73532A-D7A5-4E99-AAEF-14F8EC5B6957}.Release|Any CPU.Build.0 = Release|Any CPU
		{CC03F5AA-6978-407D-B961-2DF967594DFC}.Debug|Any CPU.ActiveCfg = Debug|Any CPU
		{CC03F5AA-6978-407D-B961-2DF967594DFC}.Debug|Any CPU.Build.0 = Debug|Any CPU
		{CC03F5AA-6978-407D-B961-2DF967594DFC}.Release|Any CPU.ActiveCfg = Release|Any CPU
		{CC03F5AA-6978-407D-B961-2DF967594DFC}.Release|Any CPU.Build.0 = Release|Any CPU
		{2B7D96B7-5E15-4BB5-9FFB-C93D107CE76A}.Debug|Any CPU.ActiveCfg = Debug|Any CPU
		{2B7D96B7-5E15-4BB5-9FFB-C93D107CE76A}.Debug|Any CPU.Build.0 = Debug|Any CPU
		{2B7D96B7-5E15-4BB5-9FFB-C93D107CE76A}.Release|Any CPU.ActiveCfg = Release|Any CPU
		{2B7D96B7-5E15-4BB5-9FFB-C93D107CE76A}.Release|Any CPU.Build.0 = Release|Any CPU
	EndGlobalSection
	GlobalSection(SolutionProperties) = preSolution
		HideSolutionNode = FALSE
	EndGlobalSection
	GlobalSection(NestedProjects) = preSolution
		{74D77905-D139-45F5-BA26-7CE540CEBBCA} = {2BC34563-46A9-4783-8980-38F282951E20}
		{C7EF5C9C-0CAF-410D-B5B9-A39AB3231D69} = {2BC34563-46A9-4783-8980-38F282951E20}
		{D081EE8D-9C85-45A1-B840-8F02A4C8CAC4} = {2BC34563-46A9-4783-8980-38F282951E20}
		{1C73532A-D7A5-4E99-AAEF-14F8EC5B6957} = {EBBA163F-68AD-42DE-B43C-ED48D80CC196}
		{CC03F5AA-6978-407D-B961-2DF967594DFC} = {EBBA163F-68AD-42DE-B43C-ED48D80CC196}
		{2B7D96B7-5E15-4BB5-9FFB-C93D107CE76A} = {EBBA163F-68AD-42DE-B43C-ED48D80CC196}
	EndGlobalSection
	GlobalSection(ExtensibilityGlobals) = postSolution
		SolutionGuid = {4E776D05-58A5-4411-916A-A8AC27FF43F2}
	EndGlobalSection
EndGlobal
